
Microsoft Visual Studio Solution File, Format Version 12.00
# Visual Studio 15
VisualStudioVersion = 15.0.27130.2010
MinimumVisualStudioVersion = 10.0.40219.1
Project("{2150E333-8FDC-42A3-9474-1A3956D46DE8}") = "Xamarin.Forms", "Xamarin.Forms", "{9AD757F5-E57A-459D-A0A7-E0675E045B84}"
EndProject
Project("{2150E333-8FDC-42A3-9474-1A3956D46DE8}") = "Platforms", "Platforms", "{29AC50BF-B4FB-450B-9386-0C5AD4B84226}"
EndProject
Project("{FAE04EC0-301F-11D3-BF4B-00C04F79EFBC}") = "Xamarin.Forms.Platform.iOS", "Xamarin.Forms.Platform.iOS\Xamarin.Forms.Platform.iOS.csproj", "{271193C1-6E7C-429C-A36D-3F1BE5267231}"
EndProject
Project("{2150E333-8FDC-42A3-9474-1A3956D46DE8}") = ".nuspec", ".nuspec", "{7E12C50D-A570-4DF1-94E1-8599843FA87C}"
	ProjectSection(SolutionItems) = preProject
		.nuspec\Xamarin.Forms.AppLinks.nuspec = .nuspec\Xamarin.Forms.AppLinks.nuspec
		.nuspec\Xamarin.Forms.Debug.targets = .nuspec\Xamarin.Forms.Debug.targets
		.nuspec\Xamarin.Forms.DefaultItems.props = .nuspec\Xamarin.Forms.DefaultItems.props
		.nuspec\Xamarin.Forms.DefaultItems.targets = .nuspec\Xamarin.Forms.DefaultItems.targets
		.nuspec\Xamarin.Forms.Maps.nuspec = .nuspec\Xamarin.Forms.Maps.nuspec
		.nuspec\Xamarin.Forms.nuspec = .nuspec\Xamarin.Forms.nuspec
		.nuspec\Xamarin.Forms.Pages.Azure.nuspec = .nuspec\Xamarin.Forms.Pages.Azure.nuspec
		.nuspec\Xamarin.Forms.Pages.nuspec = .nuspec\Xamarin.Forms.Pages.nuspec
		.nuspec\Xamarin.Forms.props = .nuspec\Xamarin.Forms.props
		.nuspec\Xamarin.Forms.targets = .nuspec\Xamarin.Forms.targets
	EndProjectSection
EndProject
Project("{9A19103F-16F7-4668-BE54-9A1E7A4F7556}") = "Xamarin.Forms.Core", "Xamarin.Forms.Core\Xamarin.Forms.Core.csproj", "{57B8B73D-C3B5-4C42-869E-7B2F17D354AC}"
EndProject
Project("{2150E333-8FDC-42A3-9474-1A3956D46DE8}") = "docs", "docs", "{DDDFBCAF-93DE-4868-8296-FD909EF32EF7}"
EndProject
Project("{D954291E-2A0B-460D-934E-DC6B0785DB48}") = "APIDocs", "docs\APIDocs.shproj", "{DC1F3933-AC99-4887-8B09-E13C2B346D4F}"
EndProject
Project("{9A19103F-16F7-4668-BE54-9A1E7A4F7556}") = "Xamarin.Forms.Platform", "Xamarin.Forms.Platform\Xamarin.Forms.Platform.csproj", "{67F9D3A8-F71E-4428-913F-C37AE82CDB24}"
EndProject
Project("{2150E333-8FDC-42A3-9474-1A3956D46DE8}") = "Forwarders", "Forwarders", "{5A2DADBC-9510-4DD1-BE58-01501F2DF65D}"
EndProject
Project("{FAE04EC0-301F-11D3-BF4B-00C04F79EFBC}") = "Xamarin.Forms.Platform.iOS (Forwarders)", "Stubs\Xamarin.Forms.Platform.iOS\Xamarin.Forms.Platform.iOS (Forwarders).csproj", "{39B3457F-01D8-43D0-8E84-D8C4F73CF48D}"
EndProject
Global
	GlobalSection(SharedMSBuildProjectFiles) = preSolution
		docs\APIDocs.projitems*{dc1f3933-ac99-4887-8b09-e13c2b346d4f}*SharedItemsImports = 13
	EndGlobalSection
	GlobalSection(SolutionConfigurationPlatforms) = preSolution
		Ad-Hoc|Any CPU = Ad-Hoc|Any CPU
		Ad-Hoc|ARM = Ad-Hoc|ARM
		Ad-Hoc|iPhone = Ad-Hoc|iPhone
		Ad-Hoc|iPhoneSimulator = Ad-Hoc|iPhoneSimulator
		Ad-Hoc|Templates = Ad-Hoc|Templates
		Ad-Hoc|x64 = Ad-Hoc|x64
		Ad-Hoc|x86 = Ad-Hoc|x86
		AppStore|Any CPU = AppStore|Any CPU
		AppStore|ARM = AppStore|ARM
		AppStore|iPhone = AppStore|iPhone
		AppStore|iPhoneSimulator = AppStore|iPhoneSimulator
		AppStore|Templates = AppStore|Templates
		AppStore|x64 = AppStore|x64
		AppStore|x86 = AppStore|x86
		Debug|Any CPU = Debug|Any CPU
		Debug|ARM = Debug|ARM
		Debug|iPhone = Debug|iPhone
		Debug|iPhoneSimulator = Debug|iPhoneSimulator
		Debug|Templates = Debug|Templates
		Debug|x64 = Debug|x64
		Debug|x86 = Debug|x86
		Release|Any CPU = Release|Any CPU
		Release|ARM = Release|ARM
		Release|iPhone = Release|iPhone
		Release|iPhoneSimulator = Release|iPhoneSimulator
		Release|Templates = Release|Templates
		Release|x64 = Release|x64
		Release|x86 = Release|x86
	EndGlobalSection
	GlobalSection(ProjectConfigurationPlatforms) = postSolution
		{271193C1-6E7C-429C-A36D-3F1BE5267231}.Ad-Hoc|Any CPU.ActiveCfg = AppStore|Any CPU
		{271193C1-6E7C-429C-A36D-3F1BE5267231}.Ad-Hoc|Any CPU.Build.0 = AppStore|Any CPU
		{271193C1-6E7C-429C-A36D-3F1BE5267231}.Ad-Hoc|ARM.ActiveCfg = AppStore|Any CPU
		{271193C1-6E7C-429C-A36D-3F1BE5267231}.Ad-Hoc|ARM.Build.0 = AppStore|Any CPU
		{271193C1-6E7C-429C-A36D-3F1BE5267231}.Ad-Hoc|iPhone.ActiveCfg = AppStore|Any CPU
		{271193C1-6E7C-429C-A36D-3F1BE5267231}.Ad-Hoc|iPhone.Build.0 = AppStore|Any CPU
		{271193C1-6E7C-429C-A36D-3F1BE5267231}.Ad-Hoc|iPhoneSimulator.ActiveCfg = AppStore|Any CPU
		{271193C1-6E7C-429C-A36D-3F1BE5267231}.Ad-Hoc|iPhoneSimulator.Build.0 = AppStore|Any CPU
		{271193C1-6E7C-429C-A36D-3F1BE5267231}.Ad-Hoc|Templates.ActiveCfg = AppStore|Any CPU
		{271193C1-6E7C-429C-A36D-3F1BE5267231}.Ad-Hoc|Templates.Build.0 = AppStore|Any CPU
		{271193C1-6E7C-429C-A36D-3F1BE5267231}.Ad-Hoc|x64.ActiveCfg = AppStore|Any CPU
		{271193C1-6E7C-429C-A36D-3F1BE5267231}.Ad-Hoc|x64.Build.0 = AppStore|Any CPU
		{271193C1-6E7C-429C-A36D-3F1BE5267231}.Ad-Hoc|x86.ActiveCfg = AppStore|Any CPU
		{271193C1-6E7C-429C-A36D-3F1BE5267231}.Ad-Hoc|x86.Build.0 = AppStore|Any CPU
		{271193C1-6E7C-429C-A36D-3F1BE5267231}.AppStore|Any CPU.ActiveCfg = AppStore|Any CPU
		{271193C1-6E7C-429C-A36D-3F1BE5267231}.AppStore|Any CPU.Build.0 = AppStore|Any CPU
		{271193C1-6E7C-429C-A36D-3F1BE5267231}.AppStore|ARM.ActiveCfg = AppStore|Any CPU
		{271193C1-6E7C-429C-A36D-3F1BE5267231}.AppStore|ARM.Build.0 = AppStore|Any CPU
		{271193C1-6E7C-429C-A36D-3F1BE5267231}.AppStore|iPhone.ActiveCfg = AppStore|Any CPU
		{271193C1-6E7C-429C-A36D-3F1BE5267231}.AppStore|iPhone.Build.0 = AppStore|Any CPU
		{271193C1-6E7C-429C-A36D-3F1BE5267231}.AppStore|iPhoneSimulator.ActiveCfg = AppStore|Any CPU
		{271193C1-6E7C-429C-A36D-3F1BE5267231}.AppStore|iPhoneSimulator.Build.0 = AppStore|Any CPU
		{271193C1-6E7C-429C-A36D-3F1BE5267231}.AppStore|Templates.ActiveCfg = AppStore|Any CPU
		{271193C1-6E7C-429C-A36D-3F1BE5267231}.AppStore|Templates.Build.0 = AppStore|Any CPU
		{271193C1-6E7C-429C-A36D-3F1BE5267231}.AppStore|x64.ActiveCfg = AppStore|Any CPU
		{271193C1-6E7C-429C-A36D-3F1BE5267231}.AppStore|x64.Build.0 = AppStore|Any CPU
		{271193C1-6E7C-429C-A36D-3F1BE5267231}.AppStore|x86.ActiveCfg = AppStore|Any CPU
		{271193C1-6E7C-429C-A36D-3F1BE5267231}.AppStore|x86.Build.0 = AppStore|Any CPU
		{271193C1-6E7C-429C-A36D-3F1BE5267231}.Debug|Any CPU.ActiveCfg = Debug|Any CPU
		{271193C1-6E7C-429C-A36D-3F1BE5267231}.Debug|Any CPU.Build.0 = Debug|Any CPU
		{271193C1-6E7C-429C-A36D-3F1BE5267231}.Debug|ARM.ActiveCfg = Debug|Any CPU
		{271193C1-6E7C-429C-A36D-3F1BE5267231}.Debug|ARM.Build.0 = Debug|Any CPU
		{271193C1-6E7C-429C-A36D-3F1BE5267231}.Debug|iPhone.ActiveCfg = Debug|Any CPU
		{271193C1-6E7C-429C-A36D-3F1BE5267231}.Debug|iPhone.Build.0 = Debug|Any CPU
		{271193C1-6E7C-429C-A36D-3F1BE5267231}.Debug|iPhoneSimulator.ActiveCfg = Debug|Any CPU
		{271193C1-6E7C-429C-A36D-3F1BE5267231}.Debug|iPhoneSimulator.Build.0 = Debug|Any CPU
		{271193C1-6E7C-429C-A36D-3F1BE5267231}.Debug|Templates.ActiveCfg = Debug|Any CPU
		{271193C1-6E7C-429C-A36D-3F1BE5267231}.Debug|x64.ActiveCfg = Debug|Any CPU
		{271193C1-6E7C-429C-A36D-3F1BE5267231}.Debug|x64.Build.0 = Debug|Any CPU
		{271193C1-6E7C-429C-A36D-3F1BE5267231}.Debug|x86.ActiveCfg = Debug|Any CPU
		{271193C1-6E7C-429C-A36D-3F1BE5267231}.Debug|x86.Build.0 = Debug|Any CPU
		{271193C1-6E7C-429C-A36D-3F1BE5267231}.Release|Any CPU.ActiveCfg = Release|Any CPU
		{271193C1-6E7C-429C-A36D-3F1BE5267231}.Release|Any CPU.Build.0 = Release|Any CPU
		{271193C1-6E7C-429C-A36D-3F1BE5267231}.Release|ARM.ActiveCfg = Release|Any CPU
		{271193C1-6E7C-429C-A36D-3F1BE5267231}.Release|ARM.Build.0 = Release|Any CPU
		{271193C1-6E7C-429C-A36D-3F1BE5267231}.Release|iPhone.ActiveCfg = Release|Any CPU
		{271193C1-6E7C-429C-A36D-3F1BE5267231}.Release|iPhone.Build.0 = Release|Any CPU
		{271193C1-6E7C-429C-A36D-3F1BE5267231}.Release|iPhoneSimulator.ActiveCfg = Release|Any CPU
		{271193C1-6E7C-429C-A36D-3F1BE5267231}.Release|iPhoneSimulator.Build.0 = Release|Any CPU
		{271193C1-6E7C-429C-A36D-3F1BE5267231}.Release|Templates.ActiveCfg = Release|Any CPU
		{271193C1-6E7C-429C-A36D-3F1BE5267231}.Release|x64.ActiveCfg = Release|Any CPU
		{271193C1-6E7C-429C-A36D-3F1BE5267231}.Release|x64.Build.0 = Release|Any CPU
		{271193C1-6E7C-429C-A36D-3F1BE5267231}.Release|x86.ActiveCfg = Release|Any CPU
		{271193C1-6E7C-429C-A36D-3F1BE5267231}.Release|x86.Build.0 = Release|Any CPU
		{57B8B73D-C3B5-4C42-869E-7B2F17D354AC}.Ad-Hoc|Any CPU.ActiveCfg = Release|Any CPU
		{57B8B73D-C3B5-4C42-869E-7B2F17D354AC}.Ad-Hoc|ARM.ActiveCfg = Release|Any CPU
		{57B8B73D-C3B5-4C42-869E-7B2F17D354AC}.Ad-Hoc|iPhone.ActiveCfg = Release|Any CPU
		{57B8B73D-C3B5-4C42-869E-7B2F17D354AC}.Ad-Hoc|iPhoneSimulator.ActiveCfg = Release|Any CPU
		{57B8B73D-C3B5-4C42-869E-7B2F17D354AC}.Ad-Hoc|Templates.ActiveCfg = Release|Any CPU
		{57B8B73D-C3B5-4C42-869E-7B2F17D354AC}.Ad-Hoc|x64.ActiveCfg = Release|Any CPU
		{57B8B73D-C3B5-4C42-869E-7B2F17D354AC}.Ad-Hoc|x86.ActiveCfg = Release|Any CPU
		{57B8B73D-C3B5-4C42-869E-7B2F17D354AC}.AppStore|Any CPU.ActiveCfg = Release|Any CPU
		{57B8B73D-C3B5-4C42-869E-7B2F17D354AC}.AppStore|ARM.ActiveCfg = Release|Any CPU
		{57B8B73D-C3B5-4C42-869E-7B2F17D354AC}.AppStore|iPhone.ActiveCfg = Release|Any CPU
		{57B8B73D-C3B5-4C42-869E-7B2F17D354AC}.AppStore|iPhoneSimulator.ActiveCfg = Release|Any CPU
		{57B8B73D-C3B5-4C42-869E-7B2F17D354AC}.AppStore|Templates.ActiveCfg = Release|Any CPU
		{57B8B73D-C3B5-4C42-869E-7B2F17D354AC}.AppStore|x64.ActiveCfg = Release|Any CPU
		{57B8B73D-C3B5-4C42-869E-7B2F17D354AC}.AppStore|x86.ActiveCfg = Release|Any CPU
		{57B8B73D-C3B5-4C42-869E-7B2F17D354AC}.Debug|Any CPU.ActiveCfg = Debug|Any CPU
		{57B8B73D-C3B5-4C42-869E-7B2F17D354AC}.Debug|Any CPU.Build.0 = Debug|Any CPU
		{57B8B73D-C3B5-4C42-869E-7B2F17D354AC}.Debug|ARM.ActiveCfg = Debug|Any CPU
		{57B8B73D-C3B5-4C42-869E-7B2F17D354AC}.Debug|ARM.Build.0 = Debug|Any CPU
		{57B8B73D-C3B5-4C42-869E-7B2F17D354AC}.Debug|iPhone.ActiveCfg = Debug|Any CPU
		{57B8B73D-C3B5-4C42-869E-7B2F17D354AC}.Debug|iPhone.Build.0 = Debug|Any CPU
		{57B8B73D-C3B5-4C42-869E-7B2F17D354AC}.Debug|iPhoneSimulator.ActiveCfg = Debug|Any CPU
		{57B8B73D-C3B5-4C42-869E-7B2F17D354AC}.Debug|iPhoneSimulator.Build.0 = Debug|Any CPU
		{57B8B73D-C3B5-4C42-869E-7B2F17D354AC}.Debug|Templates.ActiveCfg = Debug|Any CPU
		{57B8B73D-C3B5-4C42-869E-7B2F17D354AC}.Debug|x64.ActiveCfg = Debug|Any CPU
		{57B8B73D-C3B5-4C42-869E-7B2F17D354AC}.Debug|x64.Build.0 = Debug|Any CPU
		{57B8B73D-C3B5-4C42-869E-7B2F17D354AC}.Debug|x86.ActiveCfg = Debug|Any CPU
		{57B8B73D-C3B5-4C42-869E-7B2F17D354AC}.Debug|x86.Build.0 = Debug|Any CPU
		{57B8B73D-C3B5-4C42-869E-7B2F17D354AC}.Release|Any CPU.ActiveCfg = Release|Any CPU
		{57B8B73D-C3B5-4C42-869E-7B2F17D354AC}.Release|Any CPU.Build.0 = Release|Any CPU
		{57B8B73D-C3B5-4C42-869E-7B2F17D354AC}.Release|ARM.ActiveCfg = Release|Any CPU
		{57B8B73D-C3B5-4C42-869E-7B2F17D354AC}.Release|ARM.Build.0 = Release|Any CPU
		{57B8B73D-C3B5-4C42-869E-7B2F17D354AC}.Release|iPhone.ActiveCfg = Release|Any CPU
		{57B8B73D-C3B5-4C42-869E-7B2F17D354AC}.Release|iPhone.Build.0 = Release|Any CPU
		{57B8B73D-C3B5-4C42-869E-7B2F17D354AC}.Release|iPhoneSimulator.ActiveCfg = Release|Any CPU
		{57B8B73D-C3B5-4C42-869E-7B2F17D354AC}.Release|iPhoneSimulator.Build.0 = Release|Any CPU
		{57B8B73D-C3B5-4C42-869E-7B2F17D354AC}.Release|Templates.ActiveCfg = Release|Any CPU
		{57B8B73D-C3B5-4C42-869E-7B2F17D354AC}.Release|x64.ActiveCfg = Release|Any CPU
		{57B8B73D-C3B5-4C42-869E-7B2F17D354AC}.Release|x64.Build.0 = Release|Any CPU
		{57B8B73D-C3B5-4C42-869E-7B2F17D354AC}.Release|x86.ActiveCfg = Release|Any CPU
		{57B8B73D-C3B5-4C42-869E-7B2F17D354AC}.Release|x86.Build.0 = Release|Any CPU
		{67F9D3A8-F71E-4428-913F-C37AE82CDB24}.Ad-Hoc|Any CPU.ActiveCfg = Release|Any CPU
		{67F9D3A8-F71E-4428-913F-C37AE82CDB24}.Ad-Hoc|Any CPU.Build.0 = Release|Any CPU
		{67F9D3A8-F71E-4428-913F-C37AE82CDB24}.Ad-Hoc|ARM.ActiveCfg = Release|Any CPU
		{67F9D3A8-F71E-4428-913F-C37AE82CDB24}.Ad-Hoc|ARM.Build.0 = Release|Any CPU
		{67F9D3A8-F71E-4428-913F-C37AE82CDB24}.Ad-Hoc|iPhone.ActiveCfg = Release|Any CPU
		{67F9D3A8-F71E-4428-913F-C37AE82CDB24}.Ad-Hoc|iPhone.Build.0 = Release|Any CPU
		{67F9D3A8-F71E-4428-913F-C37AE82CDB24}.Ad-Hoc|iPhoneSimulator.ActiveCfg = Release|Any CPU
		{67F9D3A8-F71E-4428-913F-C37AE82CDB24}.Ad-Hoc|iPhoneSimulator.Build.0 = Release|Any CPU
		{67F9D3A8-F71E-4428-913F-C37AE82CDB24}.Ad-Hoc|Templates.ActiveCfg = Release|Any CPU
		{67F9D3A8-F71E-4428-913F-C37AE82CDB24}.Ad-Hoc|Templates.Build.0 = Release|Any CPU
		{67F9D3A8-F71E-4428-913F-C37AE82CDB24}.Ad-Hoc|x64.ActiveCfg = Release|Any CPU
		{67F9D3A8-F71E-4428-913F-C37AE82CDB24}.Ad-Hoc|x64.Build.0 = Release|Any CPU
		{67F9D3A8-F71E-4428-913F-C37AE82CDB24}.Ad-Hoc|x86.ActiveCfg = Release|Any CPU
		{67F9D3A8-F71E-4428-913F-C37AE82CDB24}.Ad-Hoc|x86.Build.0 = Release|Any CPU
		{67F9D3A8-F71E-4428-913F-C37AE82CDB24}.AppStore|Any CPU.ActiveCfg = Release|Any CPU
		{67F9D3A8-F71E-4428-913F-C37AE82CDB24}.AppStore|Any CPU.Build.0 = Release|Any CPU
		{67F9D3A8-F71E-4428-913F-C37AE82CDB24}.AppStore|ARM.ActiveCfg = Release|Any CPU
		{67F9D3A8-F71E-4428-913F-C37AE82CDB24}.AppStore|ARM.Build.0 = Release|Any CPU
		{67F9D3A8-F71E-4428-913F-C37AE82CDB24}.AppStore|iPhone.ActiveCfg = Release|Any CPU
		{67F9D3A8-F71E-4428-913F-C37AE82CDB24}.AppStore|iPhone.Build.0 = Release|Any CPU
		{67F9D3A8-F71E-4428-913F-C37AE82CDB24}.AppStore|iPhoneSimulator.ActiveCfg = Release|Any CPU
		{67F9D3A8-F71E-4428-913F-C37AE82CDB24}.AppStore|iPhoneSimulator.Build.0 = Release|Any CPU
		{67F9D3A8-F71E-4428-913F-C37AE82CDB24}.AppStore|Templates.ActiveCfg = Release|Any CPU
		{67F9D3A8-F71E-4428-913F-C37AE82CDB24}.AppStore|Templates.Build.0 = Release|Any CPU
		{67F9D3A8-F71E-4428-913F-C37AE82CDB24}.AppStore|x64.ActiveCfg = Release|Any CPU
		{67F9D3A8-F71E-4428-913F-C37AE82CDB24}.AppStore|x64.Build.0 = Release|Any CPU
		{67F9D3A8-F71E-4428-913F-C37AE82CDB24}.AppStore|x86.ActiveCfg = Release|Any CPU
		{67F9D3A8-F71E-4428-913F-C37AE82CDB24}.AppStore|x86.Build.0 = Release|Any CPU
		{67F9D3A8-F71E-4428-913F-C37AE82CDB24}.Debug|Any CPU.ActiveCfg = Debug|Any CPU
		{67F9D3A8-F71E-4428-913F-C37AE82CDB24}.Debug|Any CPU.Build.0 = Debug|Any CPU
		{67F9D3A8-F71E-4428-913F-C37AE82CDB24}.Debug|ARM.ActiveCfg = Debug|Any CPU
		{67F9D3A8-F71E-4428-913F-C37AE82CDB24}.Debug|ARM.Build.0 = Debug|Any CPU
		{67F9D3A8-F71E-4428-913F-C37AE82CDB24}.Debug|iPhone.ActiveCfg = Debug|Any CPU
		{67F9D3A8-F71E-4428-913F-C37AE82CDB24}.Debug|iPhone.Build.0 = Debug|Any CPU
		{67F9D3A8-F71E-4428-913F-C37AE82CDB24}.Debug|iPhoneSimulator.ActiveCfg = Debug|Any CPU
		{67F9D3A8-F71E-4428-913F-C37AE82CDB24}.Debug|iPhoneSimulator.Build.0 = Debug|Any CPU
		{67F9D3A8-F71E-4428-913F-C37AE82CDB24}.Debug|Templates.ActiveCfg = Debug|Any CPU
		{67F9D3A8-F71E-4428-913F-C37AE82CDB24}.Debug|x64.ActiveCfg = Debug|Any CPU
		{67F9D3A8-F71E-4428-913F-C37AE82CDB24}.Debug|x64.Build.0 = Debug|Any CPU
		{67F9D3A8-F71E-4428-913F-C37AE82CDB24}.Debug|x86.ActiveCfg = Debug|Any CPU
		{67F9D3A8-F71E-4428-913F-C37AE82CDB24}.Debug|x86.Build.0 = Debug|Any CPU
		{67F9D3A8-F71E-4428-913F-C37AE82CDB24}.Release|Any CPU.ActiveCfg = Release|Any CPU
		{67F9D3A8-F71E-4428-913F-C37AE82CDB24}.Release|Any CPU.Build.0 = Release|Any CPU
		{67F9D3A8-F71E-4428-913F-C37AE82CDB24}.Release|ARM.ActiveCfg = Release|Any CPU
		{67F9D3A8-F71E-4428-913F-C37AE82CDB24}.Release|ARM.Build.0 = Release|Any CPU
		{67F9D3A8-F71E-4428-913F-C37AE82CDB24}.Release|iPhone.ActiveCfg = Release|Any CPU
		{67F9D3A8-F71E-4428-913F-C37AE82CDB24}.Release|iPhone.Build.0 = Release|Any CPU
		{67F9D3A8-F71E-4428-913F-C37AE82CDB24}.Release|iPhoneSimulator.ActiveCfg = Release|Any CPU
		{67F9D3A8-F71E-4428-913F-C37AE82CDB24}.Release|iPhoneSimulator.Build.0 = Release|Any CPU
		{67F9D3A8-F71E-4428-913F-C37AE82CDB24}.Release|Templates.ActiveCfg = Release|Any CPU
		{67F9D3A8-F71E-4428-913F-C37AE82CDB24}.Release|x64.ActiveCfg = Release|Any CPU
		{67F9D3A8-F71E-4428-913F-C37AE82CDB24}.Release|x64.Build.0 = Release|Any CPU
		{67F9D3A8-F71E-4428-913F-C37AE82CDB24}.Release|x86.ActiveCfg = Release|Any CPU
		{67F9D3A8-F71E-4428-913F-C37AE82CDB24}.Release|x86.Build.0 = Release|Any CPU
		{39B3457F-01D8-43D0-8E84-D8C4F73CF48D}.Ad-Hoc|Any CPU.ActiveCfg = AppStore|Any CPU
		{39B3457F-01D8-43D0-8E84-D8C4F73CF48D}.Ad-Hoc|Any CPU.Build.0 = AppStore|Any CPU
		{39B3457F-01D8-43D0-8E84-D8C4F73CF48D}.Ad-Hoc|ARM.ActiveCfg = AppStore|Any CPU
		{39B3457F-01D8-43D0-8E84-D8C4F73CF48D}.Ad-Hoc|ARM.Build.0 = AppStore|Any CPU
		{39B3457F-01D8-43D0-8E84-D8C4F73CF48D}.Ad-Hoc|iPhone.ActiveCfg = AppStore|Any CPU
		{39B3457F-01D8-43D0-8E84-D8C4F73CF48D}.Ad-Hoc|iPhone.Build.0 = AppStore|Any CPU
		{39B3457F-01D8-43D0-8E84-D8C4F73CF48D}.Ad-Hoc|iPhoneSimulator.ActiveCfg = AppStore|Any CPU
		{39B3457F-01D8-43D0-8E84-D8C4F73CF48D}.Ad-Hoc|iPhoneSimulator.Build.0 = AppStore|Any CPU
		{39B3457F-01D8-43D0-8E84-D8C4F73CF48D}.Ad-Hoc|Templates.ActiveCfg = AppStore|Any CPU
		{39B3457F-01D8-43D0-8E84-D8C4F73CF48D}.Ad-Hoc|Templates.Build.0 = AppStore|Any CPU
		{39B3457F-01D8-43D0-8E84-D8C4F73CF48D}.Ad-Hoc|x64.ActiveCfg = AppStore|Any CPU
		{39B3457F-01D8-43D0-8E84-D8C4F73CF48D}.Ad-Hoc|x64.Build.0 = AppStore|Any CPU
		{39B3457F-01D8-43D0-8E84-D8C4F73CF48D}.Ad-Hoc|x86.ActiveCfg = AppStore|Any CPU
		{39B3457F-01D8-43D0-8E84-D8C4F73CF48D}.Ad-Hoc|x86.Build.0 = AppStore|Any CPU
		{39B3457F-01D8-43D0-8E84-D8C4F73CF48D}.AppStore|Any CPU.ActiveCfg = AppStore|Any CPU
		{39B3457F-01D8-43D0-8E84-D8C4F73CF48D}.AppStore|Any CPU.Build.0 = AppStore|Any CPU
		{39B3457F-01D8-43D0-8E84-D8C4F73CF48D}.AppStore|ARM.ActiveCfg = AppStore|Any CPU
		{39B3457F-01D8-43D0-8E84-D8C4F73CF48D}.AppStore|ARM.Build.0 = AppStore|Any CPU
		{39B3457F-01D8-43D0-8E84-D8C4F73CF48D}.AppStore|iPhone.ActiveCfg = AppStore|Any CPU
		{39B3457F-01D8-43D0-8E84-D8C4F73CF48D}.AppStore|iPhone.Build.0 = AppStore|Any CPU
		{39B3457F-01D8-43D0-8E84-D8C4F73CF48D}.AppStore|iPhoneSimulator.ActiveCfg = AppStore|Any CPU
		{39B3457F-01D8-43D0-8E84-D8C4F73CF48D}.AppStore|iPhoneSimulator.Build.0 = AppStore|Any CPU
		{39B3457F-01D8-43D0-8E84-D8C4F73CF48D}.AppStore|Templates.ActiveCfg = AppStore|Any CPU
		{39B3457F-01D8-43D0-8E84-D8C4F73CF48D}.AppStore|Templates.Build.0 = AppStore|Any CPU
		{39B3457F-01D8-43D0-8E84-D8C4F73CF48D}.AppStore|x64.ActiveCfg = AppStore|Any CPU
		{39B3457F-01D8-43D0-8E84-D8C4F73CF48D}.AppStore|x64.Build.0 = AppStore|Any CPU
		{39B3457F-01D8-43D0-8E84-D8C4F73CF48D}.AppStore|x86.ActiveCfg = AppStore|Any CPU
		{39B3457F-01D8-43D0-8E84-D8C4F73CF48D}.AppStore|x86.Build.0 = AppStore|Any CPU
		{39B3457F-01D8-43D0-8E84-D8C4F73CF48D}.Debug|Any CPU.ActiveCfg = Debug|Any CPU
		{39B3457F-01D8-43D0-8E84-D8C4F73CF48D}.Debug|Any CPU.Build.0 = Debug|Any CPU
		{39B3457F-01D8-43D0-8E84-D8C4F73CF48D}.Debug|ARM.ActiveCfg = Debug|Any CPU
		{39B3457F-01D8-43D0-8E84-D8C4F73CF48D}.Debug|ARM.Build.0 = Debug|Any CPU
		{39B3457F-01D8-43D0-8E84-D8C4F73CF48D}.Debug|iPhone.ActiveCfg = Debug|Any CPU
		{39B3457F-01D8-43D0-8E84-D8C4F73CF48D}.Debug|iPhone.Build.0 = Debug|Any CPU
		{39B3457F-01D8-43D0-8E84-D8C4F73CF48D}.Debug|iPhoneSimulator.ActiveCfg = Debug|Any CPU
		{39B3457F-01D8-43D0-8E84-D8C4F73CF48D}.Debug|iPhoneSimulator.Build.0 = Debug|Any CPU
		{39B3457F-01D8-43D0-8E84-D8C4F73CF48D}.Debug|Templates.ActiveCfg = Debug|Any CPU
		{39B3457F-01D8-43D0-8E84-D8C4F73CF48D}.Debug|x64.ActiveCfg = Debug|Any CPU
		{39B3457F-01D8-43D0-8E84-D8C4F73CF48D}.Debug|x64.Build.0 = Debug|Any CPU
		{39B3457F-01D8-43D0-8E84-D8C4F73CF48D}.Debug|x86.ActiveCfg = Debug|Any CPU
		{39B3457F-01D8-43D0-8E84-D8C4F73CF48D}.Debug|x86.Build.0 = Debug|Any CPU
		{39B3457F-01D8-43D0-8E84-D8C4F73CF48D}.Release|Any CPU.ActiveCfg = Release|Any CPU
		{39B3457F-01D8-43D0-8E84-D8C4F73CF48D}.Release|Any CPU.Build.0 = Release|Any CPU
		{39B3457F-01D8-43D0-8E84-D8C4F73CF48D}.Release|ARM.ActiveCfg = Release|Any CPU
		{39B3457F-01D8-43D0-8E84-D8C4F73CF48D}.Release|ARM.Build.0 = Release|Any CPU
		{39B3457F-01D8-43D0-8E84-D8C4F73CF48D}.Release|iPhone.ActiveCfg = Release|Any CPU
		{39B3457F-01D8-43D0-8E84-D8C4F73CF48D}.Release|iPhone.Build.0 = Release|Any CPU
		{39B3457F-01D8-43D0-8E84-D8C4F73CF48D}.Release|iPhoneSimulator.ActiveCfg = Release|Any CPU
		{39B3457F-01D8-43D0-8E84-D8C4F73CF48D}.Release|iPhoneSimulator.Build.0 = Release|Any CPU
		{39B3457F-01D8-43D0-8E84-D8C4F73CF48D}.Release|Templates.ActiveCfg = Release|Any CPU
		{39B3457F-01D8-43D0-8E84-D8C4F73CF48D}.Release|x64.ActiveCfg = Release|Any CPU
		{39B3457F-01D8-43D0-8E84-D8C4F73CF48D}.Release|x64.Build.0 = Release|Any CPU
		{39B3457F-01D8-43D0-8E84-D8C4F73CF48D}.Release|x86.ActiveCfg = Release|Any CPU
		{39B3457F-01D8-43D0-8E84-D8C4F73CF48D}.Release|x86.Build.0 = Release|Any CPU
	EndGlobalSection
	GlobalSection(SolutionProperties) = preSolution
		HideSolutionNode = FALSE
	EndGlobalSection
	GlobalSection(NestedProjects) = preSolution
		{271193C1-6E7C-429C-A36D-3F1BE5267231} = {29AC50BF-B4FB-450B-9386-0C5AD4B84226}
		{57B8B73D-C3B5-4C42-869E-7B2F17D354AC} = {9AD757F5-E57A-459D-A0A7-E0675E045B84}
		{DC1F3933-AC99-4887-8B09-E13C2B346D4F} = {DDDFBCAF-93DE-4868-8296-FD909EF32EF7}
		{67F9D3A8-F71E-4428-913F-C37AE82CDB24} = {29AC50BF-B4FB-450B-9386-0C5AD4B84226}
		{5A2DADBC-9510-4DD1-BE58-01501F2DF65D} = {29AC50BF-B4FB-450B-9386-0C5AD4B84226}
		{39B3457F-01D8-43D0-8E84-D8C4F73CF48D} = {5A2DADBC-9510-4DD1-BE58-01501F2DF65D}
	EndGlobalSection
	GlobalSection(ExtensibilityGlobals) = postSolution
		SolutionGuid = {650AE971-2F29-46A8-822C-FB4FCDC6A9A0}
	EndGlobalSection
EndGlobal
